
Microsoft Visual Studio Solution File, Format Version 12.00
# Visual Studio Version 17
VisualStudioVersion = 17.7.34031.279
MinimumVisualStudioVersion = 10.0.40219.1
Project("{FAE04EC0-301F-11D3-BF4B-00C04F79EFBC}") = "MiniTaller.Entidades", "MiniTaller.Entidades\MiniTaller.Entidades.csproj", "{6FF29915-2CBB-4276-8CD3-4B5E3DAC40B9}"
EndProject
Project("{FAE04EC0-301F-11D3-BF4B-00C04F79EFBC}") = "MiniTaller.Datos", "MiniTaller.Repositorios\MiniTaller.Datos.csproj", "{DDA4D229-0DBA-4550-9E18-2D30B257EFD5}"
EndProject
Project("{FAE04EC0-301F-11D3-BF4B-00C04F79EFBC}") = "MiniTaller.Comun", "MiniTaller.Comun\MiniTaller.Comun.csproj", "{F7C54E2D-78D7-42E0-9DF3-2C57AB2D6B3D}"
EndProject
Project("{FAE04EC0-301F-11D3-BF4B-00C04F79EFBC}") = "MiniTaller.Servicios", "MiniTaller.Servicios\MiniTaller.Servicios.csproj", "{C0DD27C4-3E1E-44DD-A51D-342D3B76812D}"
EndProject
Project("{FAE04EC0-301F-11D3-BF4B-00C04F79EFBC}") = "MiniTaller.Windows", "MiniTaller.Windows\MiniTaller.Windows.csproj", "{F29E1F84-10AD-4C94-A91E-89A294A022FD}"
EndProject
Global
	GlobalSection(SolutionConfigurationPlatforms) = preSolution
		Debug|Any CPU = Debug|Any CPU
		Release|Any CPU = Release|Any CPU
	EndGlobalSection
	GlobalSection(ProjectConfigurationPlatforms) = postSolution
		{6FF29915-2CBB-4276-8CD3-4B5E3DAC40B9}.Debug|Any CPU.ActiveCfg = Debug|Any CPU
		{6FF29915-2CBB-4276-8CD3-4B5E3DAC40B9}.Debug|Any CPU.Build.0 = Debug|Any CPU
		{6FF29915-2CBB-4276-8CD3-4B5E3DAC40B9}.Release|Any CPU.ActiveCfg = Release|Any CPU
		{6FF29915-2CBB-4276-8CD3-4B5E3DAC40B9}.Release|Any CPU.Build.0 = Release|Any CPU
		{DDA4D229-0DBA-4550-9E18-2D30B257EFD5}.Debug|Any CPU.ActiveCfg = Debug|Any CPU
		{DDA4D229-0DBA-4550-9E18-2D30B257EFD5}.Debug|Any CPU.Build.0 = Debug|Any CPU
		{DDA4D229-0DBA-4550-9E18-2D30B257EFD5}.Release|Any CPU.ActiveCfg = Release|Any CPU
		{DDA4D229-0DBA-4550-9E18-2D30B257EFD5}.Release|Any CPU.Build.0 = Release|Any CPU
		{F7C54E2D-78D7-42E0-9DF3-2C57AB2D6B3D}.Debug|Any CPU.ActiveCfg = Debug|Any CPU
		{F7C54E2D-78D7-42E0-9DF3-2C57AB2D6B3D}.Debug|Any CPU.Build.0 = Debug|Any CPU
		{F7C54E2D-78D7-42E0-9DF3-2C57AB2D6B3D}.Release|Any CPU.ActiveCfg = Release|Any CPU
		{F7C54E2D-78D7-42E0-9DF3-2C57AB2D6B3D}.Release|Any CPU.Build.0 = Release|Any CPU
		{C0DD27C4-3E1E-44DD-A51D-342D3B76812D}.Debug|Any CPU.ActiveCfg = Debug|Any CPU
		{C0DD27C4-3E1E-44DD-A51D-342D3B76812D}.Debug|Any CPU.Build.0 = Debug|Any CPU
		{C0DD27C4-3E1E-44DD-A51D-342D3B76812D}.Release|Any CPU.ActiveCfg = Release|Any CPU
		{C0DD27C4-3E1E-44DD-A51D-342D3B76812D}.Release|Any CPU.Build.0 = Release|Any CPU
		{F29E1F84-10AD-4C94-A91E-89A294A022FD}.Debug|Any CPU.ActiveCfg = Debug|Any CPU
		{F29E1F84-10AD-4C94-A91E-89A294A022FD}.Debug|Any CPU.Build.0 = Debug|Any CPU
		{F29E1F84-10AD-4C94-A91E-89A294A022FD}.Release|Any CPU.ActiveCfg = Release|Any CPU
		{F29E1F84-10AD-4C94-A91E-89A294A022FD}.Release|Any CPU.Build.0 = Release|Any CPU
	EndGlobalSection
	GlobalSection(SolutionProperties) = preSolution
		HideSolutionNode = FALSE
	EndGlobalSection
	GlobalSection(ExtensibilityGlobals) = postSolution
		SolutionGuid = {EC826D44-152C-408E-8ABA-19AD317E6594}
	EndGlobalSection
EndGlobal
